
Microsoft Visual Studio Solution File, Format Version 12.00
# Visual Studio Version 17
VisualStudioVersion = 17.8.34316.72
MinimumVisualStudioVersion = 10.0.40219.1
Project("{9A19103F-16F7-4668-BE54-9A1E7A4F7556}") = "BudgetPlannet.Core", "BudgetPlannet.Core\BudgetPlannet.Core.csproj", "{60DAAFAD-70AE-4702-AADF-7E5C478001DA}"
EndProject
Project("{9A19103F-16F7-4668-BE54-9A1E7A4F7556}") = "BudgetPlanner.Auth", "BudgetPlanner.Auth\BudgetPlanner.Auth.csproj", "{B04843BE-F08C-4012-BC21-101BB9C3B1D3}"
EndProject
Project("{FAE04EC0-301F-11D3-BF4B-00C04F79EFBC}") = "BudgetPlanner.UI", "BudgetPlanner.UI\BudgetPlanner.UI.csproj", "{35CA758D-0A8A-44F3-BB59-F7F0C7C71FF1}"
EndProject
Global
	GlobalSection(SolutionConfigurationPlatforms) = preSolution
		Debug|Any CPU = Debug|Any CPU
		Release|Any CPU = Release|Any CPU
	EndGlobalSection
	GlobalSection(ProjectConfigurationPlatforms) = postSolution
		{60DAAFAD-70AE-4702-AADF-7E5C478001DA}.Debug|Any CPU.ActiveCfg = Debug|Any CPU
		{60DAAFAD-70AE-4702-AADF-7E5C478001DA}.Debug|Any CPU.Build.0 = Debug|Any CPU
		{60DAAFAD-70AE-4702-AADF-7E5C478001DA}.Release|Any CPU.ActiveCfg = Release|Any CPU
		{60DAAFAD-70AE-4702-AADF-7E5C478001DA}.Release|Any CPU.Build.0 = Release|Any CPU
		{B04843BE-F08C-4012-BC21-101BB9C3B1D3}.Debug|Any CPU.ActiveCfg = Debug|Any CPU
		{B04843BE-F08C-4012-BC21-101BB9C3B1D3}.Debug|Any CPU.Build.0 = Debug|Any CPU
		{B04843BE-F08C-4012-BC21-101BB9C3B1D3}.Release|Any CPU.ActiveCfg = Release|Any CPU
		{B04843BE-F08C-4012-BC21-101BB9C3B1D3}.Release|Any CPU.Build.0 = Release|Any CPU
		{35CA758D-0A8A-44F3-BB59-F7F0C7C71FF1}.Debug|Any CPU.ActiveCfg = Debug|Any CPU
		{35CA758D-0A8A-44F3-BB59-F7F0C7C71FF1}.Debug|Any CPU.Build.0 = Debug|Any CPU
		{35CA758D-0A8A-44F3-BB59-F7F0C7C71FF1}.Debug|Any CPU.Deploy.0 = Debug|Any CPU
		{35CA758D-0A8A-44F3-BB59-F7F0C7C71FF1}.Release|Any CPU.ActiveCfg = Release|Any CPU
		{35CA758D-0A8A-44F3-BB59-F7F0C7C71FF1}.Release|Any CPU.Build.0 = Release|Any CPU
		{35CA758D-0A8A-44F3-BB59-F7F0C7C71FF1}.Release|Any CPU.Deploy.0 = Release|Any CPU
	EndGlobalSection
	GlobalSection(SolutionProperties) = preSolution
		HideSolutionNode = FALSE
	EndGlobalSection
	GlobalSection(ExtensibilityGlobals) = postSolution
		SolutionGuid = {67955A6D-73FB-498A-A17D-772159F89CBF}
	EndGlobalSection
EndGlobal
